// !$*UTF8*$!
{
	archiveVersion = 1;
	classes = {
	};
	objectVersion = 77;
	objects = {

/* Begin PBXContainerItemProxy section */
		AAFFA1D72D0ADE27004F7614 /* PBXContainerItemProxy */ = {
			isa = PBXContainerItemProxy;
			containerPortal = AAFFA1BE2D0ADE25004F7614 /* Project object */;
			proxyType = 1;
			remoteGlobalIDString = AAFFA1C52D0ADE25004F7614;
			remoteInfo = cartePokemonCollection;
		};
		AAFFA1E12D0ADE27004F7614 /* PBXContainerItemProxy */ = {
			isa = PBXContainerItemProxy;
			containerPortal = AAFFA1BE2D0ADE25004F7614 /* Project object */;
			proxyType = 1;
			remoteGlobalIDString = AAFFA1C52D0ADE25004F7614;
			remoteInfo = cartePokemonCollection;
		};
/* End PBXContainerItemProxy section */

/* Begin PBXFileReference section */
		AAFFA1C62D0ADE25004F7614 /* cartePokemonCollection.app */ = {isa = PBXFileReference; explicitFileType = wrapper.application; includeInIndex = 0; path = cartePokemonCollection.app; sourceTree = BUILT_PRODUCTS_DIR; };
		AAFFA1D62D0ADE27004F7614 /* cartePokemonCollectionTests.xctest */ = {isa = PBXFileReference; explicitFileType = wrapper.cfbundle; includeInIndex = 0; path = cartePokemonCollectionTests.xctest; sourceTree = BUILT_PRODUCTS_DIR; };
		AAFFA1E02D0ADE27004F7614 /* cartePokemonCollectionUITests.xctest */ = {isa = PBXFileReference; explicitFileType = wrapper.cfbundle; includeInIndex = 0; path = cartePokemonCollectionUITests.xctest; sourceTree = BUILT_PRODUCTS_DIR; };
/* End PBXFileReference section */

/* Begin PBXFileSystemSynchronizedRootGroup section */
		AAFFA1C82D0ADE25004F7614 /* cartePokemonCollection */ = {
			isa = PBXFileSystemSynchronizedRootGroup;
			path = cartePokemonCollection;
			sourceTree = "<group>";
		};
		AAFFA1D92D0ADE27004F7614 /* cartePokemonCollectionTests */ = {
			isa = PBXFileSystemSynchronizedRootGroup;
			path = cartePokemonCollectionTests;
			sourceTree = "<group>";
		};
		AAFFA1E32D0ADE27004F7614 /* cartePokemonCollectionUITests */ = {
			isa = PBXFileSystemSynchronizedRootGroup;
			path = cartePokemonCollectionUITests;
			sourceTree = "<group>";
		};
/* End PBXFileSystemSynchronizedRootGroup section */

/* Begin PBXFrameworksBuildPhase section */
		AAFFA1C32D0ADE25004F7614 /* Frameworks */ = {
			isa = PBXFrameworksBuildPhase;
			buildActionMask = 2147483647;
			files = (
			);
			runOnlyForDeploymentPostprocessing = 0;
		};
		AAFFA1D32D0ADE27004F7614 /* Frameworks */ = {
			isa = PBXFrameworksBuildPhase;
			buildActionMask = 2147483647;
			files = (
			);
			runOnlyForDeploymentPostprocessing = 0;
		};
		AAFFA1DD2D0ADE27004F7614 /* Frameworks */ = {
			isa = PBXFrameworksBuildPhase;
			buildActionMask = 2147483647;
			files = (
			);
			runOnlyForDeploymentPostprocessing = 0;
		};
/* End PBXFrameworksBuildPhase section */

/* Begin PBXGroup section */
		AAFFA1BD2D0ADE25004F7614 = {
			isa = PBXGroup;
			children = (
				AAFFA1C82D0ADE25004F7614 /* cartePokemonCollection */,
				AAFFA1D92D0ADE27004F7614 /* cartePokemonCollectionTests */,
				AAFFA1E32D0ADE27004F7614 /* cartePokemonCollectionUITests */,
				AAFFA1C72D0ADE25004F7614 /* Products */,
			);
			sourceTree = "<group>";
		};
		AAFFA1C72D0ADE25004F7614 /* Products */ = {
			isa = PBXGroup;
			children = (
				AAFFA1C62D0ADE25004F7614 /* cartePokemonCollection.app */,
				AAFFA1D62D0ADE27004F7614 /* cartePokemonCollectionTests.xctest */,
				AAFFA1E02D0ADE27004F7614 /* cartePokemonCollectionUITests.xctest */,
			);
			name = Products;
			sourceTree = "<group>";
		};
/* End PBXGroup section */

/* Begin PBXNativeTarget section */
		AAFFA1C52D0ADE25004F7614 /* cartePokemonCollection */ = {
			isa = PBXNativeTarget;
			buildConfigurationList = AAFFA1EA2D0ADE27004F7614 /* Build configuration list for PBXNativeTarget "cartePokemonCollection" */;
			buildPhases = (
				AAFFA1C22D0ADE25004F7614 /* Sources */,
				AAFFA1C32D0ADE25004F7614 /* Frameworks */,
				AAFFA1C42D0ADE25004F7614 /* Resources */,
			);
			buildRules = (
			);
			dependencies = (
			);
			fileSystemSynchronizedGroups = (
				AAFFA1C82D0ADE25004F7614 /* cartePokemonCollection */,
			);
			name = cartePokemonCollection;
			packageProductDependencies = (
			);
			productName = cartePokemonCollection;
			productReference = AAFFA1C62D0ADE25004F7614 /* cartePokemonCollection.app */;
			productType = "com.apple.product-type.application";
		};
		AAFFA1D52D0ADE27004F7614 /* cartePokemonCollectionTests */ = {
			isa = PBXNativeTarget;
			buildConfigurationList = AAFFA1ED2D0ADE27004F7614 /* Build configuration list for PBXNativeTarget "cartePokemonCollectionTests" */;
			buildPhases = (
				AAFFA1D22D0ADE27004F7614 /* Sources */,
				AAFFA1D32D0ADE27004F7614 /* Frameworks */,
				AAFFA1D42D0ADE27004F7614 /* Resources */,
			);
			buildRules = (
			);
			dependencies = (
				AAFFA1D82D0ADE27004F7614 /* PBXTargetDependency */,
			);
			fileSystemSynchronizedGroups = (
				AAFFA1D92D0ADE27004F7614 /* cartePokemonCollectionTests */,
			);
			name = cartePokemonCollectionTests;
			packageProductDependencies = (
			);
			productName = cartePokemonCollectionTests;
			productReference = AAFFA1D62D0ADE27004F7614 /* cartePokemonCollectionTests.xctest */;
			productType = "com.apple.product-type.bundle.unit-test";
		};
		AAFFA1DF2D0ADE27004F7614 /* cartePokemonCollectionUITests */ = {
			isa = PBXNativeTarget;
			buildConfigurationList = AAFFA1F02D0ADE27004F7614 /* Build configuration list for PBXNativeTarget "cartePokemonCollectionUITests" */;
			buildPhases = (
				AAFFA1DC2D0ADE27004F7614 /* Sources */,
				AAFFA1DD2D0ADE27004F7614 /* Frameworks */,
				AAFFA1DE2D0ADE27004F7614 /* Resources */,
			);
			buildRules = (
			);
			dependencies = (
				AAFFA1E22D0ADE27004F7614 /* PBXTargetDependency */,
			);
			fileSystemSynchronizedGroups = (
				AAFFA1E32D0ADE27004F7614 /* cartePokemonCollectionUITests */,
			);
			name = cartePokemonCollectionUITests;
			packageProductDependencies = (
			);
			productName = cartePokemonCollectionUITests;
			productReference = AAFFA1E02D0ADE27004F7614 /* cartePokemonCollectionUITests.xctest */;
			productType = "com.apple.product-type.bundle.ui-testing";
		};
/* End PBXNativeTarget section */

/* Begin PBXProject section */
		AAFFA1BE2D0ADE25004F7614 /* Project object */ = {
			isa = PBXProject;
			attributes = {
				BuildIndependentTargetsInParallel = 1;
				LastSwiftUpdateCheck = 1610;
				LastUpgradeCheck = 1610;
				TargetAttributes = {
					AAFFA1C52D0ADE25004F7614 = {
						CreatedOnToolsVersion = 16.1;
					};
					AAFFA1D52D0ADE27004F7614 = {
						CreatedOnToolsVersion = 16.1;
						TestTargetID = AAFFA1C52D0ADE25004F7614;
					};
					AAFFA1DF2D0ADE27004F7614 = {
						CreatedOnToolsVersion = 16.1;
						TestTargetID = AAFFA1C52D0ADE25004F7614;
					};
				};
			};
			buildConfigurationList = AAFFA1C12D0ADE25004F7614 /* Build configuration list for PBXProject "cartePokemonCollection" */;
			developmentRegion = en;
			hasScannedForEncodings = 0;
			knownRegions = (
				en,
				Base,
			);
			mainGroup = AAFFA1BD2D0ADE25004F7614;
			minimizedProjectReferenceProxies = 1;
			preferredProjectObjectVersion = 77;
			productRefGroup = AAFFA1C72D0ADE25004F7614 /* Products */;
			projectDirPath = "";
			projectRoot = "";
			targets = (
				AAFFA1C52D0ADE25004F7614 /* cartePokemonCollection */,
				AAFFA1D52D0ADE27004F7614 /* cartePokemonCollectionTests */,
				AAFFA1DF2D0ADE27004F7614 /* cartePokemonCollectionUITests */,
			);
		};
/* End PBXProject section */

/* Begin PBXResourcesBuildPhase section */
		AAFFA1C42D0ADE25004F7614 /* Resources */ = {
			isa = PBXResourcesBuildPhase;
			buildActionMask = 2147483647;
			files = (
			);
			runOnlyForDeploymentPostprocessing = 0;
		};
		AAFFA1D42D0ADE27004F7614 /* Resources */ = {
			isa = PBXResourcesBuildPhase;
			buildActionMask = 2147483647;
			files = (
			);
			runOnlyForDeploymentPostprocessing = 0;
		};
		AAFFA1DE2D0ADE27004F7614 /* Resources */ = {
			isa = PBXResourcesBuildPhase;
			buildActionMask = 2147483647;
			files = (
			);
			runOnlyForDeploymentPostprocessing = 0;
		};
/* End PBXResourcesBuildPhase section */

/* Begin PBXSourcesBuildPhase section */
		AAFFA1C22D0ADE25004F7614 /* Sources */ = {
			isa = PBXSourcesBuildPhase;
			buildActionMask = 2147483647;
			files = (
			);
			runOnlyForDeploymentPostprocessing = 0;
		};
		AAFFA1D22D0ADE27004F7614 /* Sources */ = {
			isa = PBXSourcesBuildPhase;
			buildActionMask = 2147483647;
			files = (
			);
			runOnlyForDeploymentPostprocessing = 0;
		};
		AAFFA1DC2D0ADE27004F7614 /* Sources */ = {
			isa = PBXSourcesBuildPhase;
			buildActionMask = 2147483647;
			files = (
			);
			runOnlyForDeploymentPostprocessing = 0;
		};
/* End PBXSourcesBuildPhase section */

/* Begin PBXTargetDependency section */
		AAFFA1D82D0ADE27004F7614 /* PBXTargetDependency */ = {
			isa = PBXTargetDependency;
			target = AAFFA1C52D0ADE25004F7614 /* cartePokemonCollection */;
			targetProxy = AAFFA1D72D0ADE27004F7614 /* PBXContainerItemProxy */;
		};
		AAFFA1E22D0ADE27004F7614 /* PBXTargetDependency */ = {
			isa = PBXTargetDependency;
			target = AAFFA1C52D0ADE25004F7614 /* cartePokemonCollection */;
			targetProxy = AAFFA1E12D0ADE27004F7614 /* PBXContainerItemProxy */;
		};
/* End PBXTargetDependency section */

/* Begin XCBuildConfiguration section */
		AAFFA1E82D0ADE27004F7614 /* Debug */ = {
			isa = XCBuildConfiguration;
			buildSettings = {
				ALWAYS_SEARCH_USER_PATHS = NO;
				ASSETCATALOG_COMPILER_GENERATE_SWIFT_ASSET_SYMBOL_EXTENSIONS = YES;
				CLANG_ANALYZER_NONNULL = YES;
				CLANG_ANALYZER_NUMBER_OBJECT_CONVERSION = YES_AGGRESSIVE;
				CLANG_CXX_LANGUAGE_STANDARD = "gnu++20";
				CLANG_ENABLE_MODULES = YES;
				CLANG_ENABLE_OBJC_ARC = YES;
				CLANG_ENABLE_OBJC_WEAK = YES;
				CLANG_WARN_BLOCK_CAPTURE_AUTORELEASING = YES;
				CLANG_WARN_BOOL_CONVERSION = YES;
				CLANG_WARN_COMMA = YES;
				CLANG_WARN_CONSTANT_CONVERSION = YES;
				CLANG_WARN_DEPRECATED_OBJC_IMPLEMENTATIONS = YES;
				CLANG_WARN_DIRECT_OBJC_ISA_USAGE = YES_ERROR;
				CLANG_WARN_DOCUMENTATION_COMMENTS = YES;
				CLANG_WARN_EMPTY_BODY = YES;
				CLANG_WARN_ENUM_CONVERSION = YES;
				CLANG_WARN_INFINITE_RECURSION = YES;
				CLANG_WARN_INT_CONVERSION = YES;
				CLANG_WARN_NON_LITERAL_NULL_CONVERSION = YES;
				CLANG_WARN_OBJC_IMPLICIT_RETAIN_SELF = YES;
				CLANG_WARN_OBJC_LITERAL_CONVERSION = YES;
				CLANG_WARN_OBJC_ROOT_CLASS = YES_ERROR;
				CLANG_WARN_QUOTED_INCLUDE_IN_FRAMEWORK_HEADER = YES;
				CLANG_WARN_RANGE_LOOP_ANALYSIS = YES;
				CLANG_WARN_STRICT_PROTOTYPES = YES;
				CLANG_WARN_SUSPICIOUS_MOVE = YES;
				CLANG_WARN_UNGUARDED_AVAILABILITY = YES_AGGRESSIVE;
				CLANG_WARN_UNREACHABLE_CODE = YES;
				CLANG_WARN__DUPLICATE_METHOD_MATCH = YES;
				COPY_PHASE_STRIP = NO;
				DEBUG_INFORMATION_FORMAT = dwarf;
				ENABLE_STRICT_OBJC_MSGSEND = YES;
				ENABLE_TESTABILITY = YES;
				ENABLE_USER_SCRIPT_SANDBOXING = YES;
				GCC_C_LANGUAGE_STANDARD = gnu17;
				GCC_DYNAMIC_NO_PIC = NO;
				GCC_NO_COMMON_BLOCKS = YES;
				GCC_OPTIMIZATION_LEVEL = 0;
				GCC_PREPROCESSOR_DEFINITIONS = (
					"DEBUG=1",
					"$(inherited)",
				);
				GCC_WARN_64_TO_32_BIT_CONVERSION = YES;
				GCC_WARN_ABOUT_RETURN_TYPE = YES_ERROR;
				GCC_WARN_UNDECLARED_SELECTOR = YES;
				GCC_WARN_UNINITIALIZED_AUTOS = YES_AGGRESSIVE;
				GCC_WARN_UNUSED_FUNCTION = YES;
				GCC_WARN_UNUSED_VARIABLE = YES;
				IPHONEOS_DEPLOYMENT_TARGET = 18.1;
				LOCALIZATION_PREFERS_STRING_CATALOGS = YES;
				MTL_ENABLE_DEBUG_INFO = INCLUDE_SOURCE;
				MTL_FAST_MATH = YES;
				ONLY_ACTIVE_ARCH = YES;
				SDKROOT = iphoneos;
				SWIFT_ACTIVE_COMPILATION_CONDITIONS = "DEBUG $(inherited)";
				SWIFT_OPTIMIZATION_LEVEL = "-Onone";
			};
			name = Debug;
		};
		AAFFA1E92D0ADE27004F7614 /* Release */ = {
			isa = XCBuildConfiguration;
			buildSettings = {
				ALWAYS_SEARCH_USER_PATHS = NO;
				ASSETCATALOG_COMPILER_GENERATE_SWIFT_ASSET_SYMBOL_EXTENSIONS = YES;
				CLANG_ANALYZER_NONNULL = YES;
				CLANG_ANALYZER_NUMBER_OBJECT_CONVERSION = YES_AGGRESSIVE;
				CLANG_CXX_LANGUAGE_STANDARD = "gnu++20";
				CLANG_ENABLE_MODULES = YES;
				CLANG_ENABLE_OBJC_ARC = YES;
				CLANG_ENABLE_OBJC_WEAK = YES;
				CLANG_WARN_BLOCK_CAPTURE_AUTORELEASING = YES;
				CLANG_WARN_BOOL_CONVERSION = YES;
				CLANG_WARN_COMMA = YES;
				CLANG_WARN_CONSTANT_CONVERSION = YES;
				CLANG_WARN_DEPRECATED_OBJC_IMPLEMENTATIONS = YES;
				CLANG_WARN_DIRECT_OBJC_ISA_USAGE = YES_ERROR;
				CLANG_WARN_DOCUMENTATION_COMMENTS = YES;
				CLANG_WARN_EMPTY_BODY = YES;
				CLANG_WARN_ENUM_CONVERSION = YES;
				CLANG_WARN_INFINITE_RECURSION = YES;
				CLANG_WARN_INT_CONVERSION = YES;
				CLANG_WARN_NON_LITERAL_NULL_CONVERSION = YES;
				CLANG_WARN_OBJC_IMPLICIT_RETAIN_SELF = YES;
				CLANG_WARN_OBJC_LITERAL_CONVERSION = YES;
				CLANG_WARN_OBJC_ROOT_CLASS = YES_ERROR;
				CLANG_WARN_QUOTED_INCLUDE_IN_FRAMEWORK_HEADER = YES;
				CLANG_WARN_RANGE_LOOP_ANALYSIS = YES;
				CLANG_WARN_STRICT_PROTOTYPES = YES;
				CLANG_WARN_SUSPICIOUS_MOVE = YES;
				CLANG_WARN_UNGUARDED_AVAILABILITY = YES_AGGRESSIVE;
				CLANG_WARN_UNREACHABLE_CODE = YES;
				CLANG_WARN__DUPLICATE_METHOD_MATCH = YES;
				COPY_PHASE_STRIP = NO;
				DEBUG_INFORMATION_FORMAT = "dwarf-with-dsym";
				ENABLE_NS_ASSERTIONS = NO;
				ENABLE_STRICT_OBJC_MSGSEND = YES;
				ENABLE_USER_SCRIPT_SANDBOXING = YES;
				GCC_C_LANGUAGE_STANDARD = gnu17;
				GCC_NO_COMMON_BLOCKS = YES;
				GCC_WARN_64_TO_32_BIT_CONVERSION = YES;
				GCC_WARN_ABOUT_RETURN_TYPE = YES_ERROR;
				GCC_WARN_UNDECLARED_SELECTOR = YES;
				GCC_WARN_UNINITIALIZED_AUTOS = YES_AGGRESSIVE;
				GCC_WARN_UNUSED_FUNCTION = YES;
				GCC_WARN_UNUSED_VARIABLE = YES;
				IPHONEOS_DEPLOYMENT_TARGET = 18.1;
				LOCALIZATION_PREFERS_STRING_CATALOGS = YES;
				MTL_ENABLE_DEBUG_INFO = NO;
				MTL_FAST_MATH = YES;
				SDKROOT = iphoneos;
				SWIFT_COMPILATION_MODE = wholemodule;
				VALIDATE_PRODUCT = YES;
			};
			name = Release;
		};
		AAFFA1EB2D0ADE27004F7614 /* Debug */ = {
			isa = XCBuildConfiguration;
			buildSettings = {
				ASSETCATALOG_COMPILER_APPICON_NAME = AppIcon;
				ASSETCATALOG_COMPILER_GLOBAL_ACCENT_COLOR_NAME = AccentColor;
				CODE_SIGN_STYLE = Automatic;
				CURRENT_PROJECT_VERSION = 1;
				DEVELOPMENT_ASSET_PATHS = "\"cartePokemonCollection/Preview Content\"";
				DEVELOPMENT_TEAM = 97VPU3Y33R;
				ENABLE_PREVIEWS = YES;
				GENERATE_INFOPLIST_FILE = YES;
				INFOPLIST_KEY_NSCameraUsageDescription = "Collection souhaite accéder à votre caméra";
				INFOPLIST_KEY_NSPhotoLibraryAddUsageDescription = "Collection souhaite accéder à votre librairie de photo";
				INFOPLIST_KEY_UIApplicationSceneManifest_Generation = YES;
				INFOPLIST_KEY_UIApplicationSupportsIndirectInputEvents = YES;
				INFOPLIST_KEY_UILaunchScreen_Generation = YES;
				INFOPLIST_KEY_UISupportedInterfaceOrientations_iPad = "UIInterfaceOrientationPortrait UIInterfaceOrientationPortraitUpsideDown UIInterfaceOrientationLandscapeLeft UIInterfaceOrientationLandscapeRight";
				INFOPLIST_KEY_UISupportedInterfaceOrientations_iPhone = "UIInterfaceOrientationPortrait UIInterfaceOrientationLandscapeLeft UIInterfaceOrientationLandscapeRight";
				LD_RUNPATH_SEARCH_PATHS = (
					"$(inherited)",
					"@executable_path/Frameworks",
				);
				MARKETING_VERSION = 1.0;
				PRODUCT_BUNDLE_IDENTIFIER = com.stevenguele.cartePokemonCollection;
				PRODUCT_NAME = "$(TARGET_NAME)";
				SWIFT_EMIT_LOC_STRINGS = YES;
				SWIFT_VERSION = 5.0;
				TARGETED_DEVICE_FAMILY = "1,2";
			};
			name = Debug;
		};
		AAFFA1EC2D0ADE27004F7614 /* Release */ = {
			isa = XCBuildConfiguration;
			buildSettings = {
				ASSETCATALOG_COMPILER_APPICON_NAME = AppIcon;
				ASSETCATALOG_COMPILER_GLOBAL_ACCENT_COLOR_NAME = AccentColor;
				CODE_SIGN_STYLE = Automatic;
				CURRENT_PROJECT_VERSION = 1;
				DEVELOPMENT_ASSET_PATHS = "\"cartePokemonCollection/Preview Content\"";
				DEVELOPMENT_TEAM = 97VPU3Y33R;
				ENABLE_PREVIEWS = YES;
				GENERATE_INFOPLIST_FILE = YES;
				INFOPLIST_KEY_NSCameraUsageDescription = "Collection souhaite accéder à votre caméra";
				INFOPLIST_KEY_NSPhotoLibraryAddUsageDescription = "Collection souhaite accéder à votre librairie de photo";
				INFOPLIST_KEY_UIApplicationSceneManifest_Generation = YES;
				INFOPLIST_KEY_UIApplicationSupportsIndirectInputEvents = YES;
				INFOPLIST_KEY_UILaunchScreen_Generation = YES;
				INFOPLIST_KEY_UISupportedInterfaceOrientations_iPad = "UIInterfaceOrientationPortrait UIInterfaceOrientationPortraitUpsideDown UIInterfaceOrientationLandscapeLeft UIInterfaceOrientationLandscapeRight";
				INFOPLIST_KEY_UISupportedInterfaceOrientations_iPhone = "UIInterfaceOrientationPortrait UIInterfaceOrientationLandscapeLeft UIInterfaceOrientationLandscapeRight";
				LD_RUNPATH_SEARCH_PATHS = (
					"$(inherited)",
					"@executable_path/Frameworks",
				);
				MARKETING_VERSION = 1.0;
				PRODUCT_BUNDLE_IDENTIFIER = com.stevenguele.cartePokemonCollection;
				PRODUCT_NAME = "$(TARGET_NAME)";
				SWIFT_EMIT_LOC_STRINGS = YES;
				SWIFT_VERSION = 5.0;
				TARGETED_DEVICE_FAMILY = "1,2";
			};
			name = Release;
		};
		AAFFA1EE2D0ADE27004F7614 /* Debug */ = {
			isa = XCBuildConfiguration;
			buildSettings = {
				BUNDLE_LOADER = "$(TEST_HOST)";
				CODE_SIGN_STYLE = Automatic;
				CURRENT_PROJECT_VERSION = 1;
				DEVELOPMENT_TEAM = 97VPU3Y33R;
				GENERATE_INFOPLIST_FILE = YES;
				IPHONEOS_DEPLOYMENT_TARGET = 18.1;
				MARKETING_VERSION = 1.0;
				PRODUCT_BUNDLE_IDENTIFIER = com.stevenguele.cartePokemonCollectionTests;
				PRODUCT_NAME = "$(TARGET_NAME)";
				SWIFT_EMIT_LOC_STRINGS = NO;
				SWIFT_VERSION = 5.0;
				TARGETED_DEVICE_FAMILY = "1,2";
				TEST_HOST = "$(BUILT_PRODUCTS_DIR)/cartePokemonCollection.app/$(BUNDLE_EXECUTABLE_FOLDER_PATH)/cartePokemonCollection";
			};
			name = Debug;
		};
		AAFFA1EF2D0ADE27004F7614 /* Release */ = {
			isa = XCBuildConfiguration;
			buildSettings = {
				BUNDLE_LOADER = "$(TEST_HOST)";
				CODE_SIGN_STYLE = Automatic;
				CURRENT_PROJECT_VERSION = 1;
				DEVELOPMENT_TEAM = 97VPU3Y33R;
				GENERATE_INFOPLIST_FILE = YES;
				IPHONEOS_DEPLOYMENT_TARGET = 18.1;
				MARKETING_VERSION = 1.0;
				PRODUCT_BUNDLE_IDENTIFIER = com.stevenguele.cartePokemonCollectionTests;
				PRODUCT_NAME = "$(TARGET_NAME)";
				SWIFT_EMIT_LOC_STRINGS = NO;
				SWIFT_VERSION = 5.0;
				TARGETED_DEVICE_FAMILY = "1,2";
				TEST_HOST = "$(BUILT_PRODUCTS_DIR)/cartePokemonCollection.app/$(BUNDLE_EXECUTABLE_FOLDER_PATH)/cartePokemonCollection";
			};
			name = Release;
		};
		AAFFA1F12D0ADE27004F7614 /* Debug */ = {
			isa = XCBuildConfiguration;
			buildSettings = {
				CODE_SIGN_STYLE = Automatic;
				CURRENT_PROJECT_VERSION = 1;
				DEVELOPMENT_TEAM = 97VPU3Y33R;
				GENERATE_INFOPLIST_FILE = YES;
				MARKETING_VERSION = 1.0;
				PRODUCT_BUNDLE_IDENTIFIER = com.stevenguele.cartePokemonCollectionUITests;
				PRODUCT_NAME = "$(TARGET_NAME)";
				SWIFT_EMIT_LOC_STRINGS = NO;
				SWIFT_VERSION = 5.0;
				TARGETED_DEVICE_FAMILY = "1,2";
				TEST_TARGET_NAME = cartePokemonCollection;
			};
			name = Debug;
		};
		AAFFA1F22D0ADE27004F7614 /* Release */ = {
			isa = XCBuildConfiguration;
			buildSettings = {
				CODE_SIGN_STYLE = Automatic;
				CURRENT_PROJECT_VERSION = 1;
				DEVELOPMENT_TEAM = 97VPU3Y33R;
				GENERATE_INFOPLIST_FILE = YES;
				MARKETING_VERSION = 1.0;
				PRODUCT_BUNDLE_IDENTIFIER = com.stevenguele.cartePokemonCollectionUITests;
				PRODUCT_NAME = "$(TARGET_NAME)";
				SWIFT_EMIT_LOC_STRINGS = NO;
				SWIFT_VERSION = 5.0;
				TARGETED_DEVICE_FAMILY = "1,2";
				TEST_TARGET_NAME = cartePokemonCollection;
			};
			name = Release;
		};
/* End XCBuildConfiguration section */

/* Begin XCConfigurationList section */
		AAFFA1C12D0ADE25004F7614 /* Build configuration list for PBXProject "cartePokemonCollection" */ = {
			isa = XCConfigurationList;
			buildConfigurations = (
				AAFFA1E82D0ADE27004F7614 /* Debug */,
				AAFFA1E92D0ADE27004F7614 /* Release */,
			);
			defaultConfigurationIsVisible = 0;
			defaultConfigurationName = Release;
		};
		AAFFA1EA2D0ADE27004F7614 /* Build configuration list for PBXNativeTarget "cartePokemonCollection" */ = {
			isa = XCConfigurationList;
			buildConfigurations = (
				AAFFA1EB2D0ADE27004F7614 /* Debug */,
				AAFFA1EC2D0ADE27004F7614 /* Release */,
			);
			defaultConfigurationIsVisible = 0;
			defaultConfigurationName = Release;
		};
		AAFFA1ED2D0ADE27004F7614 /* Build configuration list for PBXNativeTarget "cartePokemonCollectionTests" */ = {
			isa = XCConfigurationList;
			buildConfigurations = (
				AAFFA1EE2D0ADE27004F7614 /* Debug */,
				AAFFA1EF2D0ADE27004F7614 /* Release */,
			);
			defaultConfigurationIsVisible = 0;
			defaultConfigurationName = Release;
		};
		AAFFA1F02D0ADE27004F7614 /* Build configuration list for PBXNativeTarget "cartePokemonCollectionUITests" */ = {
			isa = XCConfigurationList;
			buildConfigurations = (
				AAFFA1F12D0ADE27004F7614 /* Debug */,
				AAFFA1F22D0ADE27004F7614 /* Release */,
			);
			defaultConfigurationIsVisible = 0;
			defaultConfigurationName = Release;
		};
/* End XCConfigurationList section */
	};
	rootObject = AAFFA1BE2D0ADE25004F7614 /* Project object */;
}
